{
  "name": "youtube-playlist",
  "version": "0.7.0",
  "lockfileVersion": 1,
  "requires": true,
  "dependencies": {
    "@babel/runtime": {
      "version": "7.0.0-beta.54",
      "resolved": "https://registry.npmjs.org/@babel/runtime/-/runtime-7.0.0-beta.54.tgz",
      "integrity": "sha1-Oeu0JyP+fKSz4bAOln6AE41Hyt8=",
      "requires": {
        "core-js": "2.5.7",
        "regenerator-runtime": "0.12.1"
      }
    },
    "asap": {
      "version": "2.0.6",
      "resolved": "https://registry.npmjs.org/asap/-/asap-2.0.6.tgz",
      "integrity": "sha1-5QNHYR1+aQlDIIu9r+vLwvuGbUY="
    },
    "classnames": {
      "version": "2.2.6",
      "resolved": "https://registry.npmjs.org/classnames/-/classnames-2.2.6.tgz",
      "integrity": "sha512-JR/iSQOSt+LQIWwrwEzJ9uk0xfN3mTVYMwt1Ir5mUcSN6pU+V4zQFFaJsclJbPuAUQH+yfWef6tm7l1quW3C8Q=="
    },
    "conf": {
      "version": "2.0.0",
      "resolved": "https://registry.npmjs.org/conf/-/conf-2.0.0.tgz",
      "integrity": "sha512-iCLzBsGFi8S73EANsEJZz0JnJ/e5VZef/kSaxydYZLAvw0rFNAUx5R7K5leC/CXXR2mZfXWhUvcZOO/dM2D5xg==",
      "requires": {
        "dot-prop": "4.2.0",
        "env-paths": "1.0.0",
        "make-dir": "1.3.0",
        "pkg-up": "2.0.0",
        "write-file-atomic": "2.3.0"
      }
    },
    "core-js": {
      "version": "2.5.7",
      "resolved": "https://registry.npmjs.org/core-js/-/core-js-2.5.7.tgz",
      "integrity": "sha512-RszJCAxg/PP6uzXVXL6BsxSXx/B05oJAQ2vkJRjyjrEcNVycaqOmNb5OTxZPE3xa5gwZduqza6L9JOCenh/Ecw=="
    },
    "css-box-model": {
      "version": "1.0.0",
      "resolved": "https://registry.npmjs.org/css-box-model/-/css-box-model-1.0.0.tgz",
      "integrity": "sha512-MGipbCM6/HGmsOwN6Enq1OvNKy8H5Q1XKoyBszxwv2efly7ZVg+HcFILX8O6S0xfj27l1+6P7FyCjcQ90m5HBQ=="
    },
    "debug": {
      "version": "2.6.9",
      "resolved": "https://registry.npmjs.org/debug/-/debug-2.6.9.tgz",
      "integrity": "sha512-bC7ElrdJaJnPbAP+1EotYvqZsb3ecl5wi6Bfi6BJTUcNowp6cvspg0jXznRTKDjm/E7AdgFBVeAPVMNcKGsHMA==",
      "requires": {
        "ms": "2.0.0"
      }
    },
    "dot-prop": {
      "version": "4.2.0",
      "resolved": "https://registry.npmjs.org/dot-prop/-/dot-prop-4.2.0.tgz",
      "integrity": "sha512-tUMXrxlExSW6U2EXiiKGSBVdYgtV8qlHL+C10TsW4PURY/ic+eaysnSkwB4kA/mBlCyy/IKDJ+Lc3wbWeaXtuQ==",
      "requires": {
        "is-obj": "1.0.1"
      }
    },
    "electron-store": {
      "version": "2.0.0",
      "resolved": "https://registry.npmjs.org/electron-store/-/electron-store-2.0.0.tgz",
      "integrity": "sha512-1WCFYHsYvZBqDsoaS0Relnz0rd81ZkBAI0Fgx7Nq2UWU77rSNs1qxm4S6uH7TCZ0bV3LQpJFk7id/is/ZgoOPA==",
      "requires": {
        "conf": "2.0.0"
      }
    },
    "encoding": {
      "version": "0.1.12",
      "resolved": "https://registry.npmjs.org/encoding/-/encoding-0.1.12.tgz",
      "integrity": "sha1-U4tm8+5izRq1HsMjgp0flIDHS+s=",
      "requires": {
        "iconv-lite": "0.4.23"
      }
    },
    "env-paths": {
      "version": "1.0.0",
      "resolved": "https://registry.npmjs.org/env-paths/-/env-paths-1.0.0.tgz",
      "integrity": "sha1-QWgTO0K7BcOKNbGuQ5fIKYqzaeA="
    },
    "fbjs": {
      "version": "0.8.17",
      "resolved": "https://registry.npmjs.org/fbjs/-/fbjs-0.8.17.tgz",
      "integrity": "sha1-xNWY6taUkRJlPWWIsBpc3Nn5D90=",
      "requires": {
        "core-js": "1.2.7",
        "isomorphic-fetch": "2.2.1",
        "loose-envify": "1.4.0",
        "object-assign": "4.1.1",
        "promise": "7.3.1",
        "setimmediate": "1.0.5",
        "ua-parser-js": "0.7.18"
      },
      "dependencies": {
        "core-js": {
          "version": "1.2.7",
          "resolved": "https://registry.npmjs.org/core-js/-/core-js-1.2.7.tgz",
          "integrity": "sha1-ZSKUwUZR2yj6k70tX/KYOk8IxjY="
        }
      }
    },
    "find-up": {
      "version": "2.1.0",
      "resolved": "https://registry.npmjs.org/find-up/-/find-up-2.1.0.tgz",
      "integrity": "sha1-RdG35QbHF93UgndaK3eSCjwMV6c=",
      "requires": {
        "locate-path": "2.0.0"
      }
    },
    "graceful-fs": {
      "version": "4.1.11",
      "resolved": "https://registry.npmjs.org/graceful-fs/-/graceful-fs-4.1.11.tgz",
      "integrity": "sha1-Dovf5NHduIVNZOBOp8AOKgJuVlg="
    },
    "history": {
      "version": "4.7.2",
      "resolved": "https://registry.npmjs.org/history/-/history-4.7.2.tgz",
      "integrity": "sha512-1zkBRWW6XweO0NBcjiphtVJVsIQ+SXF29z9DVkceeaSLVMFXHool+fdCZD4spDCfZJCILPILc3bm7Bc+HRi0nA==",
      "requires": {
        "invariant": "2.2.4",
        "loose-envify": "1.4.0",
        "resolve-pathname": "2.2.0",
        "value-equal": "0.4.0",
        "warning": "3.0.0"
      }
    },
    "hoist-non-react-statics": {
      "version": "2.5.5",
      "resolved": "https://registry.npmjs.org/hoist-non-react-statics/-/hoist-non-react-statics-2.5.5.tgz",
      "integrity": "sha512-rqcy4pJo55FTTLWt+bU8ukscqHeE/e9KWvsOW2b/a3afxQZhwkQdT1rPPCJ0rYXdj4vNcasY8zHTH+jF/qStxw=="
    },
    "iconv-lite": {
      "version": "0.4.23",
      "resolved": "https://registry.npmjs.org/iconv-lite/-/iconv-lite-0.4.23.tgz",
      "integrity": "sha512-neyTUVFtahjf0mB3dZT77u+8O0QB89jFdnBkd5P1JgYPbPaia3gXXOVL2fq8VyU2gMMD7SaN7QukTB/pmXYvDA==",
      "requires": {
        "safer-buffer": "2.1.2"
      }
    },
    "imurmurhash": {
      "version": "0.1.4",
      "resolved": "https://registry.npmjs.org/imurmurhash/-/imurmurhash-0.1.4.tgz",
      "integrity": "sha1-khi5srkoojixPcT7a21XbyMUU+o="
    },
    "invariant": {
      "version": "2.2.4",
      "resolved": "https://registry.npmjs.org/invariant/-/invariant-2.2.4.tgz",
      "integrity": "sha512-phJfQVBuaJM5raOpJjSfkiD6BpbCE4Ns//LaXl6wGYtUBY83nWS6Rf9tXm2e8VaK60JEjYldbPif/A2B1C2gNA==",
      "requires": {
        "loose-envify": "1.4.0"
      }
    },
    "is-obj": {
      "version": "1.0.1",
      "resolved": "https://registry.npmjs.org/is-obj/-/is-obj-1.0.1.tgz",
      "integrity": "sha1-PkcprB9f3gJc19g6iW2rn09n2w8="
    },
    "is-stream": {
      "version": "1.1.0",
      "resolved": "https://registry.npmjs.org/is-stream/-/is-stream-1.1.0.tgz",
      "integrity": "sha1-EtSj3U5o4Lec6428hBc66A2RykQ="
    },
    "isarray": {
      "version": "0.0.1",
      "resolved": "https://registry.npmjs.org/isarray/-/isarray-0.0.1.tgz",
      "integrity": "sha1-ihis/Kmo9Bd+Cav8YDiTmwXR7t8="
    },
    "isomorphic-fetch": {
      "version": "2.2.1",
      "resolved": "https://registry.npmjs.org/isomorphic-fetch/-/isomorphic-fetch-2.2.1.tgz",
      "integrity": "sha1-YRrhrPFPXoH3KVB0coGf6XM1WKk=",
      "requires": {
        "node-fetch": "1.7.3",
        "whatwg-fetch": "2.0.4"
      }
    },
    "js-tokens": {
      "version": "4.0.0",
      "resolved": "https://registry.npmjs.org/js-tokens/-/js-tokens-4.0.0.tgz",
      "integrity": "sha512-RdJUflcE3cUzKiMqQgsCu06FPu9UdIJO0beYbPhHN4k6apgJtifcoCtT9bcxOpYBtpD2kCM6Sbzg4CausW/PKQ=="
    },
    "load-script": {
      "version": "1.0.0",
      "resolved": "https://registry.npmjs.org/load-script/-/load-script-1.0.0.tgz",
      "integrity": "sha1-BJGTngvuVkPuSUp+PaPSuscMbKQ="
    },
    "locate-path": {
      "version": "2.0.0",
      "resolved": "https://registry.npmjs.org/locate-path/-/locate-path-2.0.0.tgz",
      "integrity": "sha1-K1aLJl7slExtnA3pw9u7ygNUzY4=",
      "requires": {
        "p-locate": "2.0.0",
        "path-exists": "3.0.0"
      }
    },
    "lodash": {
      "version": "4.17.10",
      "resolved": "https://registry.npmjs.org/lodash/-/lodash-4.17.10.tgz",
      "integrity": "sha512-UejweD1pDoXu+AD825lWwp4ZGtSwgnpZxb3JDViD7StjQz+Nb/6l093lx4OQ0foGWNRoc19mWy7BzL+UAK2iVg=="
    },
    "lodash-es": {
      "version": "4.17.10",
      "resolved": "https://registry.npmjs.org/lodash-es/-/lodash-es-4.17.10.tgz",
      "integrity": "sha512-iesFYPmxYYGTcmQK0sL8bX3TGHyM6b2qREaB4kamHfQyfPJP0xgoGxp19nsH16nsfquLdiyKyX3mQkfiSGV8Rg=="
    },
    "lodash.camelcase": {
      "version": "4.3.0",
      "resolved": "https://registry.npmjs.org/lodash.camelcase/-/lodash.camelcase-4.3.0.tgz",
      "integrity": "sha1-soqmKIorn8ZRA1x3EfZathkDMaY="
    },
    "lodash.curry": {
      "version": "4.1.1",
      "resolved": "https://registry.npmjs.org/lodash.curry/-/lodash.curry-4.1.1.tgz",
      "integrity": "sha1-JI42By7ekGUB11lmIAqG2riyMXA="
    },
    "loose-envify": {
      "version": "1.4.0",
      "resolved": "https://registry.npmjs.org/loose-envify/-/loose-envify-1.4.0.tgz",
      "integrity": "sha512-lyuxPGr/Wfhrlem2CL/UcnUc1zcqKAImBDzukY7Y5F/yQiNdko6+fRLevlw1HgMySw7f611UIY408EtxRSoK3Q==",
      "requires": {
        "js-tokens": "4.0.0"
      }
    },
    "make-dir": {
      "version": "1.3.0",
      "resolved": "https://registry.npmjs.org/make-dir/-/make-dir-1.3.0.tgz",
      "integrity": "sha512-2w31R7SJtieJJnQtGc7RVL2StM2vGYVfqUOvUDxH6bC6aJTxPxTF0GnIgCyu7tjockiUWAYQRbxa7vKn34s5sQ==",
      "requires": {
        "pify": "3.0.0"
      }
    },
    "memoize-one": {
      "version": "4.0.0",
      "resolved": "https://registry.npmjs.org/memoize-one/-/memoize-one-4.0.0.tgz",
      "integrity": "sha512-wdpOJ4XBejprGn/xhd1i2XR8Dv1A25FJeIvR7syQhQlz9eXsv+06llcvcmBxlWVGv4C73QBsWA8kxvZozzNwiQ=="
    },
    "ms": {
      "version": "2.0.0",
      "resolved": "https://registry.npmjs.org/ms/-/ms-2.0.0.tgz",
      "integrity": "sha1-VgiurfwAvmwpAd9fmGF4jeDVl8g="
    },
    "node-fetch": {
      "version": "1.7.3",
      "resolved": "https://registry.npmjs.org/node-fetch/-/node-fetch-1.7.3.tgz",
      "integrity": "sha512-NhZ4CsKx7cYm2vSrBAr2PvFOe6sWDf0UYLRqA6svUYg7+/TSfVAu49jYC4BvQ4Sms9SZgdqGBgroqfDhJdTyKQ==",
      "requires": {
        "encoding": "0.1.12",
        "is-stream": "1.1.0"
      }
    },
    "object-assign": {
      "version": "4.1.1",
      "resolved": "https://registry.npmjs.org/object-assign/-/object-assign-4.1.1.tgz",
      "integrity": "sha1-IQmtx5ZYh8/AXLvUQsrIv7s2CGM="
    },
    "p-limit": {
      "version": "1.3.0",
      "resolved": "https://registry.npmjs.org/p-limit/-/p-limit-1.3.0.tgz",
      "integrity": "sha512-vvcXsLAJ9Dr5rQOPk7toZQZJApBl2K4J6dANSsEuh6QI41JYcsS/qhTGa9ErIUUgK3WNQoJYvylxvjqmiqEA9Q==",
      "requires": {
        "p-try": "1.0.0"
      }
    },
    "p-locate": {
      "version": "2.0.0",
      "resolved": "https://registry.npmjs.org/p-locate/-/p-locate-2.0.0.tgz",
      "integrity": "sha1-IKAQOyIqcMj9OcwuWAaA893l7EM=",
      "requires": {
        "p-limit": "1.3.0"
      }
    },
    "p-try": {
      "version": "1.0.0",
      "resolved": "https://registry.npmjs.org/p-try/-/p-try-1.0.0.tgz",
      "integrity": "sha1-y8ec26+P1CKOE/Yh8rGiN8GyB7M="
    },
    "path-exists": {
      "version": "3.0.0",
      "resolved": "https://registry.npmjs.org/path-exists/-/path-exists-3.0.0.tgz",
      "integrity": "sha1-zg6+ql94yxiSXqfYENe1mwEP1RU="
    },
    "path-to-regexp": {
      "version": "1.7.0",
      "resolved": "https://registry.npmjs.org/path-to-regexp/-/path-to-regexp-1.7.0.tgz",
      "integrity": "sha1-Wf3g9DW62suhA6hOnTvGTpa5k30=",
      "requires": {
        "isarray": "0.0.1"
      }
    },
    "performance-now": {
      "version": "0.2.0",
      "resolved": "https://registry.npmjs.org/performance-now/-/performance-now-0.2.0.tgz",
      "integrity": "sha1-M+8wxcd9TqIcWlOGnZG1bY8lVeU="
    },
    "pify": {
      "version": "3.0.0",
      "resolved": "https://registry.npmjs.org/pify/-/pify-3.0.0.tgz",
      "integrity": "sha1-5aSs0sEB/fPZpNB/DbxNtJ3SgXY="
    },
    "pkg-up": {
      "version": "2.0.0",
      "resolved": "https://registry.npmjs.org/pkg-up/-/pkg-up-2.0.0.tgz",
      "integrity": "sha1-yBmscoBZpGHKscOImivjxJoATX8=",
      "requires": {
        "find-up": "2.1.0"
      }
    },
    "promise": {
      "version": "7.3.1",
      "resolved": "https://registry.npmjs.org/promise/-/promise-7.3.1.tgz",
      "integrity": "sha512-nolQXZ/4L+bP/UGlkfaIujX9BKxGwmQ9OT4mOt5yvy8iK1h3wqTEJCijzGANTCCl9nWjY41juyAn2K3Q1hLLTg==",
      "requires": {
        "asap": "2.0.6"
      }
    },
    "prop-types": {
      "version": "15.6.1",
      "resolved": "https://registry.npmjs.org/prop-types/-/prop-types-15.6.1.tgz",
      "integrity": "sha512-4ec7bY1Y66LymSUOH/zARVYObB23AT2h8cf6e/O6ZALB/N0sqZFEx7rq6EYPX2MkOdKORuooI/H5k9TlR4q7kQ==",
      "requires": {
        "fbjs": "0.8.17",
        "loose-envify": "1.4.0",
        "object-assign": "4.1.1"
      }
    },
    "raf": {
      "version": "3.4.0",
      "resolved": "https://registry.npmjs.org/raf/-/raf-3.4.0.tgz",
      "integrity": "sha512-pDP/NMRAXoTfrhCfyfSEwJAKLaxBU9eApMeBPB1TkDouZmvPerIClV8lTAd+uF8ZiTaVl69e1FCxQrAd/VTjGw==",
      "requires": {
        "performance-now": "2.1.0"
      },
      "dependencies": {
        "performance-now": {
          "version": "2.1.0",
          "resolved": "https://registry.npmjs.org/performance-now/-/performance-now-2.1.0.tgz",
          "integrity": "sha1-Ywn04OX6kT7BxpMHrjZLSzd8nns="
        }
      }
    },
    "raf-schd": {
      "version": "4.0.0",
      "resolved": "https://registry.npmjs.org/raf-schd/-/raf-schd-4.0.0.tgz",
      "integrity": "sha512-m7zq0JkIrECzw9mO5Zcq6jN4KayE34yoIS9hJoiZNXyOAT06PPA8PrR+WtJIeFW09YjUfNkMMN9lrmAt6BURCA=="
    },
    "react": {
      "version": "16.4.2",
      "resolved": "https://registry.npmjs.org/react/-/react-16.4.2.tgz",
      "integrity": "sha512-dMv7YrbxO4y2aqnvA7f/ik9ibeLSHQJTI6TrYAenPSaQ6OXfb+Oti+oJiy8WBxgRzlKatYqtCjphTgDSCEiWFg==",
      "requires": {
        "fbjs": "0.8.17",
        "loose-envify": "1.4.0",
        "object-assign": "4.1.1",
        "prop-types": "15.6.1"
      }
    },
    "react-beautiful-dnd": {
      "version": "8.0.7",
      "resolved": "https://registry.npmjs.org/react-beautiful-dnd/-/react-beautiful-dnd-8.0.7.tgz",
      "integrity": "sha512-j2cClhKuACXp/KcG+YXSrVxZ7AQl13dG9X+ojstR6H2G0yoA+1GZn/O147PWVVScmfk/mSt60GNseH7vjae7vQ==",
      "requires": {
        "@babel/runtime": "7.0.0-beta.54",
        "css-box-model": "1.0.0",
        "memoize-one": "4.0.0",
        "prop-types": "15.6.1",
        "raf-schd": "4.0.0",
        "react-motion": "0.5.2",
        "react-redux": "5.0.7",
        "redux": "4.0.0",
        "tiny-invariant": "0.0.3"
      }
    },
    "react-dom": {
      "version": "16.4.2",
      "resolved": "https://registry.npmjs.org/react-dom/-/react-dom-16.4.2.tgz",
      "integrity": "sha512-Usl73nQqzvmJN+89r97zmeUpQDKDlh58eX6Hbs/ERdDHzeBzWy+ENk7fsGQ+5KxArV1iOFPT46/VneklK9zoWw==",
      "requires": {
        "fbjs": "0.8.17",
        "loose-envify": "1.4.0",
        "object-assign": "4.1.1",
        "prop-types": "15.6.1"
      }
    },
    "react-drawer": {
      "version": "1.3.4",
      "resolved": "https://registry.npmjs.org/react-drawer/-/react-drawer-1.3.4.tgz",
      "integrity": "sha512-gskmwlzzOonILDbfx2EqfaPqu1XDZgdf0o+gCEpNWFNRD2VPmn1qHtC6BfMpZUBeP8U3hURooTGfF7O94YM5Vg==",
      "requires": {
        "classnames": "2.2.6"
      }
    },
    "react-icons": {
      "version": "3.0.5",
      "resolved": "https://registry.npmjs.org/react-icons/-/react-icons-3.0.5.tgz",
      "integrity": "sha512-gNOTMhB3QCFsDnBkO0psdcz84BjprjT95pX6SSJ9pNARQozTsBqOKeVl+uw8zMIBGGDX9GpdY9TflnRjiX4z1A=="
    },
    "react-motion": {
      "version": "0.5.2",
      "resolved": "https://registry.npmjs.org/react-motion/-/react-motion-0.5.2.tgz",
      "integrity": "sha512-9q3YAvHoUiWlP3cK0v+w1N5Z23HXMj4IF4YuvjvWegWqNPfLXsOBE/V7UvQGpXxHFKRQQcNcVQE31g9SB/6qgQ==",
      "requires": {
        "performance-now": "0.2.0",
        "prop-types": "15.6.1",
        "raf": "3.4.0"
      }
    },
    "react-redux": {
      "version": "5.0.7",
      "resolved": "https://registry.npmjs.org/react-redux/-/react-redux-5.0.7.tgz",
      "integrity": "sha512-5VI8EV5hdgNgyjfmWzBbdrqUkrVRKlyTKk1sGH3jzM2M2Mhj/seQgPXaz6gVAj2lz/nz688AdTqMO18Lr24Zhg==",
      "requires": {
        "hoist-non-react-statics": "2.5.5",
        "invariant": "2.2.4",
        "lodash": "4.17.10",
        "lodash-es": "4.17.10",
        "loose-envify": "1.4.0",
        "prop-types": "15.6.1"
      }
    },
    "react-router": {
      "version": "4.3.1",
      "resolved": "https://registry.npmjs.org/react-router/-/react-router-4.3.1.tgz",
      "integrity": "sha512-yrvL8AogDh2X42Dt9iknk4wF4V8bWREPirFfS9gLU1huk6qK41sg7Z/1S81jjTrGHxa3B8R3J6xIkDAA6CVarg==",
      "requires": {
        "history": "4.7.2",
        "hoist-non-react-statics": "2.5.5",
        "invariant": "2.2.4",
        "loose-envify": "1.4.0",
        "path-to-regexp": "1.7.0",
        "prop-types": "15.6.1",
        "warning": "4.0.2"
      },
      "dependencies": {
        "warning": {
          "version": "4.0.2",
          "resolved": "https://registry.npmjs.org/warning/-/warning-4.0.2.tgz",
          "integrity": "sha512-wbTp09q/9C+jJn4KKJfJfoS6VleK/Dti0yqWSm6KMvJ4MRCXFQNapHuJXutJIrWV0Cf4AhTdeIe4qdKHR1+Hug==",
          "requires": {
            "loose-envify": "1.4.0"
          }
        }
      }
    },
    "react-router-dom": {
      "version": "4.3.1",
      "resolved": "https://registry.npmjs.org/react-router-dom/-/react-router-dom-4.3.1.tgz",
      "integrity": "sha512-c/MlywfxDdCp7EnB7YfPMOfMD3tOtIjrQlj/CKfNMBxdmpJP8xcz5P/UAFn3JbnQCNUxsHyVVqllF9LhgVyFCA==",
      "requires": {
        "history": "4.7.2",
        "invariant": "2.2.4",
        "loose-envify": "1.4.0",
        "prop-types": "15.6.1",
        "react-router": "4.3.1",
        "warning": "4.0.2"
      },
      "dependencies": {
        "warning": {
          "version": "4.0.2",
          "resolved": "https://registry.npmjs.org/warning/-/warning-4.0.2.tgz",
          "integrity": "sha512-wbTp09q/9C+jJn4KKJfJfoS6VleK/Dti0yqWSm6KMvJ4MRCXFQNapHuJXutJIrWV0Cf4AhTdeIe4qdKHR1+Hug==",
          "requires": {
            "loose-envify": "1.4.0"
          }
        }
      }
    },
    "react-router-redux": {
      "version": "5.0.0-alpha.9",
      "resolved": "https://registry.npmjs.org/react-router-redux/-/react-router-redux-5.0.0-alpha.9.tgz",
      "integrity": "sha512-euSgNIANnRXr4GydIuwA7RZCefrLQzIw5WdXspS8NPYbV+FxrKSS9MKG7U9vb6vsKHONnA4VxrVNWfnMUnUQAw==",
      "requires": {
        "history": "4.7.2",
        "prop-types": "15.6.1",
        "react-router": "4.3.1"
      }
    },
    "react-sidebar": {
      "version": "3.0.2",
      "resolved": "https://registry.npmjs.org/react-sidebar/-/react-sidebar-3.0.2.tgz",
      "integrity": "sha512-LG/JO1cJvdRqSmUT+DOhJrml/b45/UqM9nm8emcgbJb5EKNegKCObZcrRqyzVix42VfFf0odytviAAFEYYTu1Q==",
      "requires": {
        "@babel/runtime": "7.0.0-rc.3",
        "prop-types": "15.6.2"
      },
      "dependencies": {
        "@babel/runtime": {
          "version": "7.0.0-rc.3",
          "resolved": "https://registry.npmjs.org/@babel/runtime/-/runtime-7.0.0-rc.3.tgz",
          "integrity": "sha512-42EpQ16pvwSPhN5cmsrxG+txi4A4TY64AaDbbKxnJPyL0WT8AQNMpVilNTfghBXLQ2QvSbL3VtiWE/CzbtoyzQ==",
          "requires": {
            "regenerator-runtime": "0.12.1"
          }
        },
        "prop-types": {
          "version": "15.6.2",
          "resolved": "https://registry.npmjs.org/prop-types/-/prop-types-15.6.2.tgz",
          "integrity": "sha512-3pboPvLiWD7dkI3qf3KbUe6hKFKa52w+AE0VCqECtf+QHAKgOL37tTaNCnuX1nAAQ4ZhyP+kYVKf8rLmJ/feDQ==",
          "requires": {
            "loose-envify": "1.4.0",
            "object-assign": "4.1.1"
          }
        }
      }
    },
    "react-youtube": {
      "version": "7.6.0",
      "resolved": "https://registry.npmjs.org/react-youtube/-/react-youtube-7.6.0.tgz",
      "integrity": "sha1-6kt6k5b2NbnyqfA7/io5uTy91Z0=",
      "requires": {
        "lodash": "4.17.10",
        "prop-types": "15.6.1",
        "youtube-player": "5.5.0"
      }
    },
    "reduce-reducers": {
      "version": "0.1.5",
      "resolved": "https://registry.npmjs.org/reduce-reducers/-/reduce-reducers-0.1.5.tgz",
      "integrity": "sha512-uoVmQnZQ+BtKKDKpBdbBri5SLNyIK9ULZGOA504++VbHcwouWE+fJDIo8AuESPF9/EYSkI0v05LDEQK6stCbTA=="
    },
    "redux": {
      "version": "4.0.0",
      "resolved": "https://registry.npmjs.org/redux/-/redux-4.0.0.tgz",
      "integrity": "sha512-NnnHF0h0WVE/hXyrB6OlX67LYRuaf/rJcbWvnHHEPCF/Xa/AZpwhs/20WyqzQae5x4SD2F9nPObgBh2rxAgLiA==",
      "requires": {
        "loose-envify": "1.4.0",
        "symbol-observable": "1.2.0"
      }
    },
    "redux-actions": {
      "version": "2.6.1",
      "resolved": "https://registry.npmjs.org/redux-actions/-/redux-actions-2.6.1.tgz",
      "integrity": "sha1-QsBulHOfvm2zXbNgWrsQW9s3JNg=",
      "requires": {
        "invariant": "2.2.4",
        "lodash.camelcase": "4.3.0",
        "lodash.curry": "4.1.1",
        "reduce-reducers": "0.1.5"
      }
    },
    "redux-thunk": {
      "version": "2.3.0",
      "resolved": "https://registry.npmjs.org/redux-thunk/-/redux-thunk-2.3.0.tgz",
      "integrity": "sha512-km6dclyFnmcvxhAcrQV2AkZmPQjzPDjgVlQtR0EQjxZPyJ0BnMf3in1ryuR8A2qU0HldVRfxYXbFSKlI3N7Slw=="
    },
    "regenerator-runtime": {
      "version": "0.12.1",
      "resolved": "https://registry.npmjs.org/regenerator-runtime/-/regenerator-runtime-0.12.1.tgz",
      "integrity": "sha512-odxIc1/vDlo4iZcfXqRYFj0vpXFNoGdKMAUieAlFYO6m/nl5e9KR/beGf41z4a1FI+aQgtjhuaSlDxQ0hmkrHg=="
    },
    "resolve-pathname": {
      "version": "2.2.0",
      "resolved": "https://registry.npmjs.org/resolve-pathname/-/resolve-pathname-2.2.0.tgz",
      "integrity": "sha512-bAFz9ld18RzJfddgrO2e/0S2O81710++chRMUxHjXOYKF6jTAMrUNZrEZ1PvV0zlhfjidm08iRPdTLPno1FuRg=="
    },
    "safer-buffer": {
      "version": "2.1.2",
      "resolved": "https://registry.npmjs.org/safer-buffer/-/safer-buffer-2.1.2.tgz",
      "integrity": "sha512-YZo3K82SD7Riyi0E1EQPojLz7kpepnSQI9IyPbHHg1XXXevb5dJI7tpyN2ADxGcQbHG7vcyRHk0cbwqcQriUtg=="
    },
    "setimmediate": {
      "version": "1.0.5",
      "resolved": "https://registry.npmjs.org/setimmediate/-/setimmediate-1.0.5.tgz",
      "integrity": "sha1-KQy7Iy4waULX1+qbg3Mqt4VvgoU="
    },
    "signal-exit": {
      "version": "3.0.2",
      "resolved": "https://registry.npmjs.org/signal-exit/-/signal-exit-3.0.2.tgz",
      "integrity": "sha1-tf3AjxKH6hF4Yo5BXiUTK3NkbG0="
    },
    "sister": {
      "version": "3.0.1",
      "resolved": "https://registry.npmjs.org/sister/-/sister-3.0.1.tgz",
      "integrity": "sha512-aG41gNRHRRxPq52MpX4vtm9tapnr6ENmHUx8LMAJWCOplEMwXzh/dp5WIo52Wl8Zlc/VUyHLJ2snX0ck+Nma9g=="
    },
    "symbol-observable": {
      "version": "1.2.0",
      "resolved": "https://registry.npmjs.org/symbol-observable/-/symbol-observable-1.2.0.tgz",
      "integrity": "sha512-e900nM8RRtGhlV36KGEU9k65K3mPb1WV70OdjfxlG2EAuM1noi/E/BaW/uMhL7bPEssK8QV57vN3esixjUvcXQ=="
    },
    "tiny-invariant": {
      "version": "0.0.3",
      "resolved": "https://registry.npmjs.org/tiny-invariant/-/tiny-invariant-0.0.3.tgz",
      "integrity": "sha512-SA2YwvDrCITM9fTvHTHRpq9W6L2fBsClbqm3maT5PZux4Z73SPPDYwJMtnoWh6WMgmCkJij/LaOlWiqJqFMK8g=="
    },
    "ua-parser-js": {
      "version": "0.7.18",
      "resolved": "https://registry.npmjs.org/ua-parser-js/-/ua-parser-js-0.7.18.tgz",
      "integrity": "sha512-LtzwHlVHwFGTptfNSgezHp7WUlwiqb0gA9AALRbKaERfxwJoiX0A73QbTToxteIAuIaFshhgIZfqK8s7clqgnA=="
    },
    "value-equal": {
      "version": "0.4.0",
      "resolved": "https://registry.npmjs.org/value-equal/-/value-equal-0.4.0.tgz",
      "integrity": "sha512-x+cYdNnaA3CxvMaTX0INdTCN8m8aF2uY9BvEqmxuYp8bL09cs/kWVQPVGcA35fMktdOsP69IgU7wFj/61dJHEw=="
    },
    "warning": {
      "version": "3.0.0",
      "resolved": "https://registry.npmjs.org/warning/-/warning-3.0.0.tgz",
      "integrity": "sha1-MuU3fLVy3kqwR1O9+IIcAe1gW3w=",
      "requires": {
        "loose-envify": "1.4.0"
      }
    },
    "whatwg-fetch": {
      "version": "2.0.4",
      "resolved": "https://registry.npmjs.org/whatwg-fetch/-/whatwg-fetch-2.0.4.tgz",
      "integrity": "sha512-dcQ1GWpOD/eEQ97k66aiEVpNnapVj90/+R+SXTPYGHpYBBypfKJEQjLrvMZ7YXbKm21gXd4NcuxUTjiv1YtLng=="
    },
    "write-file-atomic": {
      "version": "2.3.0",
      "resolved": "https://registry.npmjs.org/write-file-atomic/-/write-file-atomic-2.3.0.tgz",
      "integrity": "sha512-xuPeK4OdjWqtfi59ylvVL0Yn35SF3zgcAcv7rBPFHVaEapaDr4GdGgm3j7ckTwH9wHL7fGmgfAnb0+THrHb8tA==",
      "requires": {
        "graceful-fs": "4.1.11",
        "imurmurhash": "0.1.4",
        "signal-exit": "3.0.2"
      }
    },
    "youtube-player": {
      "version": "5.5.0",
      "resolved": "https://registry.npmjs.org/youtube-player/-/youtube-player-5.5.0.tgz",
      "integrity": "sha1-lfBYU0+VRFhhhVUdDS0z84H2WHo=",
      "requires": {
        "debug": "2.6.9",
        "load-script": "1.0.0",
        "sister": "3.0.1"
      }
    }
  }
}
